{"format_version":"0.1","terraform_version":"0.13.5","planned_values":{"root_module":{"resources":[{"address":"google_compute_instance.vm_instance","mode":"managed","type":"google_compute_instance","name":"vm_instance","provider_name":"registry.terraform.io/hashicorp/google","schema_version":6,"values":{"allow_stopping_for_update":null,"attached_disk":[],"boot_disk":[{"auto_delete":true,"disk_encryption_key_raw":null,"initialize_params":[{"image":"debian-cloud/debian-9"}],"mode":"READ_WRITE"}],"can_ip_forward":false,"deletion_protection":false,"description":"Runs a debian image","desired_status":null,"enable_display":null,"hostname":null,"labels":null,"machine_type":"f1-micro","metadata":null,"metadata_startup_script":null,"name":"terraform-instance","network_interface":[{"access_config":[{"public_ptr_domain_name":null}],"alias_ip_range":[]}],"resource_policies":null,"scratch_disk":[],"service_account":[],"shielded_instance_config":[],"tags":null,"timeouts":null}},{"address":"google_compute_network.vpc_network","mode":"managed","type":"google_compute_network","name":"vpc_network","provider_name":"registry.terraform.io/hashicorp/google","schema_version":0,"values":{"auto_create_subnetworks":true,"delete_default_routes_on_create":false,"description":null,"name":"terraform-network","timeouts":null}},{"address":"google_container_cluster.primary","mode":"managed","type":"google_container_cluster","name":"primary","provider_name":"registry.terraform.io/hashicorp/google","schema_version":1,"values":{"description":null,"enable_binary_authorization":false,"enable_intranode_visibility":null,"enable_kubernetes_alpha":false,"enable_legacy_abac":false,"enable_shielded_nodes":false,"enable_tpu":null,"initial_node_count":1,"ip_allocation_policy":[],"location":"us-central1","maintenance_policy":[],"master_auth":[{"client_certificate_config":[{"issue_client_certificate":false}],"password":"","username":""}],"master_authorized_networks_config":[],"min_master_version":null,"name":"terraform-gke-cluster","network":"default","pod_security_policy_config":[],"private_cluster_config":[],"remove_default_node_pool":true,"resource_labels":null,"resource_usage_export_config":[],"timeouts":null,"vertical_pod_autoscaling":[],"workload_identity_config":[]}},{"address":"google_container_node_pool.primary_preemptible_nodes","mode":"managed","type":"google_container_node_pool","name":"primary_preemptible_nodes","provider_name":"registry.terraform.io/hashicorp/google","schema_version":1,"values":{"autoscaling":[],"cluster":"terraform-gke-cluster","location":"us-central1","name":"terraform-gke-node-pool","node_config":[{"machine_type":"e2-medium","metadata":{"disable-legacy-endpoints":"true"},"min_cpu_platform":null,"oauth_scopes":["https://www.googleapis.com/auth/cloud-platform"],"preemptible":true,"tags":null}],"node_count":1,"timeouts":null}}]}},"resource_changes":[{"address":"google_compute_instance.vm_instance","mode":"managed","type":"google_compute_instance","name":"vm_instance","provider_name":"registry.terraform.io/hashicorp/google","change":{"actions":["create"],"before":null,"after":{"allow_stopping_for_update":null,"attached_disk":[],"boot_disk":[{"auto_delete":true,"disk_encryption_key_raw":null,"initialize_params":[{"image":"debian-cloud/debian-9"}],"mode":"READ_WRITE"}],"can_ip_forward":false,"deletion_protection":false,"description":"Runs a debian image","desired_status":null,"enable_display":null,"hostname":null,"labels":null,"machine_type":"f1-micro","metadata":null,"metadata_startup_script":null,"name":"terraform-instance","network_interface":[{"access_config":[{"public_ptr_domain_name":null}],"alias_ip_range":[]}],"resource_policies":null,"scratch_disk":[],"service_account":[],"shielded_instance_config":[],"tags":null,"timeouts":null},"after_unknown":{"attached_disk":[],"boot_disk":[{"device_name":true,"disk_encryption_key_sha256":true,"initialize_params":[{"labels":true,"size":true,"type":true}],"kms_key_self_link":true,"source":true}],"cpu_platform":true,"current_status":true,"guest_accelerator":true,"id":true,"instance_id":true,"label_fingerprint":true,"metadata_fingerprint":true,"min_cpu_platform":true,"network_interface":[{"access_config":[{"nat_ip":true,"network_tier":true}],"alias_ip_range":[],"name":true,"network":true,"network_ip":true,"subnetwork":true,"subnetwork_project":true}],"project":true,"scheduling":true,"scratch_disk":[],"self_link":true,"service_account":[],"shielded_instance_config":[],"tags_fingerprint":true,"zone":true}}},{"address":"google_compute_network.vpc_network","mode":"managed","type":"google_compute_network","name":"vpc_network","provider_name":"registry.terraform.io/hashicorp/google","change":{"actions":["create"],"before":null,"after":{"auto_create_subnetworks":true,"delete_default_routes_on_create":false,"description":null,"name":"terraform-network","timeouts":null},"after_unknown":{"gateway_ipv4":true,"id":true,"mtu":true,"project":true,"routing_mode":true,"self_link":true}}},{"address":"google_container_cluster.primary","mode":"managed","type":"google_container_cluster","name":"primary","provider_name":"registry.terraform.io/hashicorp/google","change":{"actions":["create"],"before":null,"after":{"description":null,"enable_binary_authorization":false,"enable_intranode_visibility":null,"enable_kubernetes_alpha":false,"enable_legacy_abac":false,"enable_shielded_nodes":false,"enable_tpu":null,"initial_node_count":1,"ip_allocation_policy":[],"location":"us-central1","maintenance_policy":[],"master_auth":[{"client_certificate_config":[{"issue_client_certificate":false}],"password":"","username":""}],"master_authorized_networks_config":[],"min_master_version":null,"name":"terraform-gke-cluster","network":"default","pod_security_policy_config":[],"private_cluster_config":[],"remove_default_node_pool":true,"resource_labels":null,"resource_usage_export_config":[],"timeouts":null,"vertical_pod_autoscaling":[],"workload_identity_config":[]},"after_unknown":{"addons_config":true,"authenticator_groups_config":true,"cluster_autoscaling":true,"cluster_ipv4_cidr":true,"database_encryption":true,"default_max_pods_per_node":true,"endpoint":true,"id":true,"instance_group_urls":true,"ip_allocation_policy":[],"label_fingerprint":true,"logging_service":true,"maintenance_policy":[],"master_auth":[{"client_certificate":true,"client_certificate_config":[{}],"client_key":true,"cluster_ca_certificate":true}],"master_authorized_networks_config":[],"master_version":true,"monitoring_service":true,"network_policy":true,"node_config":true,"node_locations":true,"node_pool":true,"node_version":true,"operation":true,"pod_security_policy_config":[],"private_cluster_config":[],"project":true,"release_channel":true,"resource_usage_export_config":[],"self_link":true,"services_ipv4_cidr":true,"subnetwork":true,"vertical_pod_autoscaling":[],"workload_identity_config":[]}}},{"address":"google_container_node_pool.primary_preemptible_nodes","mode":"managed","type":"google_container_node_pool","name":"primary_preemptible_nodes","provider_name":"registry.terraform.io/hashicorp/google","change":{"actions":["create"],"before":null,"after":{"autoscaling":[],"cluster":"terraform-gke-cluster","location":"us-central1","name":"terraform-gke-node-pool","node_config":[{"machine_type":"e2-medium","metadata":{"disable-legacy-endpoints":"true"},"min_cpu_platform":null,"oauth_scopes":["https://www.googleapis.com/auth/cloud-platform"],"preemptible":true,"tags":null}],"node_count":1,"timeouts":null},"after_unknown":{"autoscaling":[],"id":true,"initial_node_count":true,"instance_group_urls":true,"management":true,"max_pods_per_node":true,"name_prefix":true,"node_config":[{"disk_size_gb":true,"disk_type":true,"guest_accelerator":true,"image_type":true,"labels":true,"local_ssd_count":true,"metadata":{},"oauth_scopes":[false],"service_account":true,"shielded_instance_config":true,"taint":true,"workload_metadata_config":true}],"node_locations":true,"project":true,"upgrade_settings":true,"version":true}}}],"configuration":{"provider_config":{"google":{"name":"google","expressions":{"project":{"constant_value":"terraform-experiments"},"region":{"constant_value":"us-central1"},"zone":{"constant_value":"us-central1-c"}}}},"root_module":{"resources":[{"address":"google_compute_instance.vm_instance","mode":"managed","type":"google_compute_instance","name":"vm_instance","provider_config_key":"google","expressions":{"boot_disk":[{"initialize_params":[{"image":{"constant_value":"debian-cloud/debian-9"}}]}],"description":{"constant_value":"Runs a debian image"},"machine_type":{"constant_value":"f1-micro"},"name":{"constant_value":"terraform-instance"},"network_interface":[{"access_config":[{}],"network":{"references":["google_compute_network.vpc_network"]}}]},"schema_version":6},{"address":"google_compute_network.vpc_network","mode":"managed","type":"google_compute_network","name":"vpc_network","provider_config_key":"google","expressions":{"auto_create_subnetworks":{"constant_value":"true"},"name":{"constant_value":"terraform-network"}},"schema_version":0},{"address":"google_container_cluster.primary","mode":"managed","type":"google_container_cluster","name":"primary","provider_config_key":"google","expressions":{"initial_node_count":{"constant_value":1},"location":{"constant_value":"us-central1"},"master_auth":[{"client_certificate_config":[{"issue_client_certificate":{"constant_value":false}}],"password":{"constant_value":""},"username":{"constant_value":""}}],"name":{"constant_value":"terraform-gke-cluster"},"remove_default_node_pool":{"constant_value":true}},"schema_version":1},{"address":"google_container_node_pool.primary_preemptible_nodes","mode":"managed","type":"google_container_node_pool","name":"primary_preemptible_nodes","provider_config_key":"google","expressions":{"cluster":{"references":["google_container_cluster.primary"]},"location":{"constant_value":"us-central1"},"name":{"constant_value":"terraform-gke-node-pool"},"node_config":[{"machine_type":{"constant_value":"e2-medium"},"metadata":{"constant_value":{"disable-legacy-endpoints":"true"}},"oauth_scopes":{"constant_value":["https://www.googleapis.com/auth/cloud-platform"]},"preemptible":{"constant_value":true}}],"node_count":{"constant_value":1}},"schema_version":1}]}}}
